
Microsoft Visual Studio Solution File, Format Version 12.00
# Visual Studio Version 16
VisualStudioVersion = 16.0.32228.343
MinimumVisualStudioVersion = 10.0.40219.1
Project("{FAE04EC0-301F-11D3-BF4B-00C04F79EFBC}") = "20220509", "20220509.csproj", "{5CA2B13F-EEAF-4F01-8593-E07920A6EC8E}"
EndProject
Global
	GlobalSection(SolutionConfigurationPlatforms) = preSolution
		Debug|Any CPU = Debug|Any CPU
		Release|Any CPU = Release|Any CPU
	EndGlobalSection
	GlobalSection(ProjectConfigurationPlatforms) = postSolution
		{5CA2B13F-EEAF-4F01-8593-E07920A6EC8E}.Debug|Any CPU.ActiveCfg = Debug|Any CPU
		{5CA2B13F-EEAF-4F01-8593-E07920A6EC8E}.Debug|Any CPU.Build.0 = Debug|Any CPU
		{5CA2B13F-EEAF-4F01-8593-E07920A6EC8E}.Release|Any CPU.ActiveCfg = Release|Any CPU
		{5CA2B13F-EEAF-4F01-8593-E07920A6EC8E}.Release|Any CPU.Build.0 = Release|Any CPU
	EndGlobalSection
	GlobalSection(SolutionProperties) = preSolution
		HideSolutionNode = FALSE
	EndGlobalSection
	GlobalSection(ExtensibilityGlobals) = postSolution
		SolutionGuid = {3ED26754-A5DF-4EF7-BB4F-D552D2351AF3}
	EndGlobalSection
EndGlobal
